{
  "lockfile_version": "1",
  "packages": {
    "cloudflared@latest": {
      "last_modified": "2026-03-27T11:17:38Z",
      "resolved": "github:NixOS/nixpkgs/832efc09b4caf6b4569fbf9dc01bec3082a00611#cloudflared",
      "source": "devbox-search",
      "version": "2026.3.0",
      "systems": {
        "aarch64-darwin": {
          "outputs": [
            {
              "name": "out",
              "path": "/nix/store/mzb55iiqp0r7lh4rl8mcg5n06fxnzvsi-cloudflared-2026.3.0",
              "default": true
            }
          ],
          "store_path": "/nix/store/mzb55iiqp0r7lh4rl8mcg5n06fxnzvsi-cloudflared-2026.3.0"
        },
        "aarch64-linux": {
          "outputs": [
            {
              "name": "out",
              "path": "/nix/store/di13li5igkyvlqkz4rfnggh6pfpvzzy1-cloudflared-2026.3.0",
              "default": true
            }
          ],
          "store_path": "/nix/store/di13li5igkyvlqkz4rfnggh6pfpvzzy1-cloudflared-2026.3.0"
        },
        "x86_64-darwin": {
          "outputs": [
            {
              "name": "out",
              "path": "/nix/store/wq43l1wnf31frdsb7c65zm5pmhwvab1d-cloudflared-2026.3.0",
              "default": true
            }
          ],
          "store_path": "/nix/store/wq43l1wnf31frdsb7c65zm5pmhwvab1d-cloudflared-2026.3.0"
        },
        "x86_64-linux": {
          "outputs": [
            {
              "name": "out",
              "path": "/nix/store/1v3gg2jl09pzhgrig50dqha6skzl24jc-cloudflared-2026.3.0",
              "default": true
            }
          ],
          "store_path": "/nix/store/1v3gg2jl09pzhgrig50dqha6skzl24jc-cloudflared-2026.3.0"
        }
      }
    },
    "github:NixOS/nixpkgs/nixpkgs-unstable": {
      "last_modified": "2026-03-16T02:27:38Z",
      "resolved": "github:NixOS/nixpkgs/f8573b9c935cfaa162dd62cc9e75ae2db86f85df?lastModified=1773628058&narHash=sha256-hpXH0z3K9xv0fHaje136KY872VT2T5uwxtezlAskQgY%3D"
    },
    "go@latest": {
      "last_modified": "2026-03-21T07:29:51Z",
      "resolved": "github:NixOS/nixpkgs/09061f748ee21f68a089cd5d91ec1859cd93d0be#go",
      "source": "devbox-search",
      "version": "1.26.1",
      "systems": {
        "aarch64-darwin": {
          "outputs": [
            {
              "name": "out",
              "path": "/nix/store/kh43nhaz1qcpwws2xq805lrmwpmn9i3k-go-1.26.1",
              "default": true
            }
          ],
          "store_path": "/nix/store/kh43nhaz1qcpwws2xq805lrmwpmn9i3k-go-1.26.1"
        },
        "aarch64-linux": {
          "outputs": [
            {
              "name": "out",
              "path": "/nix/store/rz1pqbm5z3zfby250i0djfmfzzj7khg9-go-1.26.1",
              "default": true
            }
          ],
          "store_path": "/nix/store/rz1pqbm5z3zfby250i0djfmfzzj7khg9-go-1.26.1"
        },
        "x86_64-darwin": {
          "outputs": [
            {
              "name": "out",
              "path": "/nix/store/yv6jj27racylbfjw6a1cdr91ndxbgyf6-go-1.26.1",
              "default": true
            }
          ],
          "store_path": "/nix/store/yv6jj27racylbfjw6a1cdr91ndxbgyf6-go-1.26.1"
        },
        "x86_64-linux": {
          "outputs": [
            {
              "name": "out",
              "path": "/nix/store/ckcq2mj8zk0drhaaacy6mp9d924hnr4m-go-1.26.1",
              "default": true
            }
          ],
          "store_path": "/nix/store/ckcq2mj8zk0drhaaacy6mp9d924hnr4m-go-1.26.1"
        }
      }
    },
    "golangci-lint@latest": {
      "last_modified": "2026-03-27T11:17:38Z",
      "resolved": "github:NixOS/nixpkgs/832efc09b4caf6b4569fbf9dc01bec3082a00611#golangci-lint",
      "source": "devbox-search",
      "version": "2.11.4",
      "systems": {
        "aarch64-darwin": {
          "outputs": [
            {
              "name": "out",
              "path": "/nix/store/zjhq23zqjjlyclylkwvny6s7qzcq56n4-golangci-lint-2.11.4",
              "default": true
            }
          ],
          "store_path": "/nix/store/zjhq23zqjjlyclylkwvny6s7qzcq56n4-golangci-lint-2.11.4"
        },
        "aarch64-linux": {
          "outputs": [
            {
              "name": "out",
              "path": "/nix/store/6rnv5q31z65m0cx0gsclybizgly224r8-golangci-lint-2.11.4",
              "default": true
            }
          ],
          "store_path": "/nix/store/6rnv5q31z65m0cx0gsclybizgly224r8-golangci-lint-2.11.4"
        },
        "x86_64-darwin": {
          "outputs": [
            {
              "name": "out",
              "path": "/nix/store/laj0sxwhanwj9nk8hnsqzsj1b141z2bm-golangci-lint-2.11.4",
              "default": true
            }
          ],
          "store_path": "/nix/store/laj0sxwhanwj9nk8hnsqzsj1b141z2bm-golangci-lint-2.11.4"
        },
        "x86_64-linux": {
          "outputs": [
            {
              "name": "out",
              "path": "/nix/store/j4w0z1lgrs4fdds7npk2bnby5ks612cf-golangci-lint-2.11.4",
              "default": true
            }
          ],
          "store_path": "/nix/store/j4w0z1lgrs4fdds7npk2bnby5ks612cf-golangci-lint-2.11.4"
        }
      }
    },
    "pre-commit@latest": {
      "last_modified": "2026-03-21T07:29:51Z",
      "resolved": "github:NixOS/nixpkgs/09061f748ee21f68a089cd5d91ec1859cd93d0be#pre-commit",
      "source": "devbox-search",
      "version": "4.5.1",
      "systems": {
        "aarch64-darwin": {
          "outputs": [
            {
              "name": "out",
              "path": "/nix/store/4a9nr9sv90d2mj404fav33d55sc2pzn6-pre-commit-4.5.1",
              "default": true
            },
            {
              "name": "dist",
              "path": "/nix/store/jwm57lnn7iq3wx9zhss7cvy9ilrjpb23-pre-commit-4.5.1-dist"
            }
          ],
          "store_path": "/nix/store/4a9nr9sv90d2mj404fav33d55sc2pzn6-pre-commit-4.5.1"
        },
        "aarch64-linux": {
          "outputs": [
            {
              "name": "out",
              "path": "/nix/store/mjy1zl6wsk6y13xff8ffljv2nv22h0qy-pre-commit-4.5.1",
              "default": true
            },
            {
              "name": "dist",
              "path": "/nix/store/p6gwkgkgp4qd6yn3468rq7zlbf9564kh-pre-commit-4.5.1-dist"
            }
          ],
          "store_path": "/nix/store/mjy1zl6wsk6y13xff8ffljv2nv22h0qy-pre-commit-4.5.1"
        },
        "x86_64-darwin": {
          "outputs": [
            {
              "name": "out",
              "path": "/nix/store/6r8xqcpbxwas8qkhpwphqypmmydwpv0m-pre-commit-4.5.1",
              "default": true
            },
            {
              "name": "dist",
              "path": "/nix/store/iab0nwxfri1q4vgb2ra447li6302mlq2-pre-commit-4.5.1-dist"
            }
          ],
          "store_path": "/nix/store/6r8xqcpbxwas8qkhpwphqypmmydwpv0m-pre-commit-4.5.1"
        },
        "x86_64-linux": {
          "outputs": [
            {
              "name": "out",
              "path": "/nix/store/0j1cw8kk39rin6qwbly7ikadaaizz44b-pre-commit-4.5.1",
              "default": true
            },
            {
              "name": "dist",
              "path": "/nix/store/gv6xr8sd4rhlb97hb78c4518iv1lp0rw-pre-commit-4.5.1-dist"
            }
          ],
          "store_path": "/nix/store/0j1cw8kk39rin6qwbly7ikadaaizz44b-pre-commit-4.5.1"
        }
      }
    }
  }
}
